
Microsoft Visual Studio Solution File, Format Version 12.00
# Visual Studio Version 16
VisualStudioVersion = 16.0.30104.148
MinimumVisualStudioVersion = 10.0.40219.1
Project("{FAE04EC0-301F-11D3-BF4B-00C04F79EFBC}") = "vigenere", "vigenere\vigenere.csproj", "{153F3E0B-5FC5-41FF-AD77-619BEFC1474E}"
EndProject
Global
	GlobalSection(SolutionConfigurationPlatforms) = preSolution
		Debug|Any CPU = Debug|Any CPU
		Release|Any CPU = Release|Any CPU
	EndGlobalSection
	GlobalSection(ProjectConfigurationPlatforms) = postSolution
		{153F3E0B-5FC5-41FF-AD77-619BEFC1474E}.Debug|Any CPU.ActiveCfg = Debug|Any CPU
		{153F3E0B-5FC5-41FF-AD77-619BEFC1474E}.Debug|Any CPU.Build.0 = Debug|Any CPU
		{153F3E0B-5FC5-41FF-AD77-619BEFC1474E}.Release|Any CPU.ActiveCfg = Release|Any CPU
		{153F3E0B-5FC5-41FF-AD77-619BEFC1474E}.Release|Any CPU.Build.0 = Release|Any CPU
	EndGlobalSection
	GlobalSection(SolutionProperties) = preSolution
		HideSolutionNode = FALSE
	EndGlobalSection
	GlobalSection(ExtensibilityGlobals) = postSolution
		SolutionGuid = {0EAC60A1-3D12-40AA-98ED-D58FD2CBB211}
	EndGlobalSection
EndGlobal
